
Microsoft Visual Studio Solution File, Format Version 12.00
# Visual Studio Version 17
VisualStudioVersion = 17.7.34009.444
MinimumVisualStudioVersion = 10.0.40219.1
Project("{9A19103F-16F7-4668-BE54-9A1E7A4F7556}") = "LeaveManagement.Web", "LeaveManagement.Web\LeaveManagement.Web.csproj", "{AB32C8DC-05C0-4D59-AA87-E11334F6D32F}"
EndProject
Global
	GlobalSection(SolutionConfigurationPlatforms) = preSolution
		Debug|Any CPU = Debug|Any CPU
		Release|Any CPU = Release|Any CPU
	EndGlobalSection
	GlobalSection(ProjectConfigurationPlatforms) = postSolution
		{AB32C8DC-05C0-4D59-AA87-E11334F6D32F}.Debug|Any CPU.ActiveCfg = Debug|Any CPU
		{AB32C8DC-05C0-4D59-AA87-E11334F6D32F}.Debug|Any CPU.Build.0 = Debug|Any CPU
		{AB32C8DC-05C0-4D59-AA87-E11334F6D32F}.Release|Any CPU.ActiveCfg = Release|Any CPU
		{AB32C8DC-05C0-4D59-AA87-E11334F6D32F}.Release|Any CPU.Build.0 = Release|Any CPU
	EndGlobalSection
	GlobalSection(SolutionProperties) = preSolution
		HideSolutionNode = FALSE
	EndGlobalSection
	GlobalSection(ExtensibilityGlobals) = postSolution
		SolutionGuid = {4F9873C3-115D-46BB-B8AA-73BA200F96D3}
	EndGlobalSection
EndGlobal
